
Microsoft Visual Studio Solution File, Format Version 12.00
# Visual Studio Version 17
VisualStudioVersion = 17.14.36408.4 d17.14
MinimumVisualStudioVersion = 10.0.40219.1
Project("{F184B08F-C81C-45F6-A57F-5ABD9991F28F}") = "SampleProject002", "SampleProject002\SampleProject002.vbproj", "{8AD71BAD-89BA-4144-BE6B-8DA2930F8A81}"
EndProject
Global
	GlobalSection(SolutionConfigurationPlatforms) = preSolution
		Debug|Any CPU = Debug|Any CPU
		Release|Any CPU = Release|Any CPU
	EndGlobalSection
	GlobalSection(ProjectConfigurationPlatforms) = postSolution
		{8AD71BAD-89BA-4144-BE6B-8DA2930F8A81}.Debug|Any CPU.ActiveCfg = Debug|Any CPU
		{8AD71BAD-89BA-4144-BE6B-8DA2930F8A81}.Debug|Any CPU.Build.0 = Debug|Any CPU
		{8AD71BAD-89BA-4144-BE6B-8DA2930F8A81}.Release|Any CPU.ActiveCfg = Release|Any CPU
		{8AD71BAD-89BA-4144-BE6B-8DA2930F8A81}.Release|Any CPU.Build.0 = Release|Any CPU
	EndGlobalSection
	GlobalSection(SolutionProperties) = preSolution
		HideSolutionNode = FALSE
	EndGlobalSection
	GlobalSection(ExtensibilityGlobals) = postSolution
		SolutionGuid = {6571222B-6444-4D8F-BADE-2613B20EBBB1}
	EndGlobalSection
EndGlobal
